{
  "requires": true,
  "lockfileVersion": 1,
  "dependencies": {
    "@angular/animations": {
      "version": "9.1.4",
      "resolved": "https://registry.npmjs.org/@angular/animations/-/animations-9.1.4.tgz",
      "integrity": "sha512-gMo/DbCm5BDArladMAeC7/75T2DvhLr4CSUGJt/P/aimTEG2ywoAALs3pzwSSe4qxrHiR0OIksVW3l4km3iXEw=="
    },
    "@angular/cdk": {
      "version": "9.2.2",
      "resolved": "https://registry.npmjs.org/@angular/cdk/-/cdk-9.2.2.tgz",
      "integrity": "sha512-VNd+KuMN6cBcy4/8OyMxqYaxdjPP6IyCqIVijB2JREkc5Sg4VWmPgx2L3rHt/DzjsVBVRgx35uqOMymDezG3jQ==",
      "requires": {
        "parse5": "^5.0.0"
      }
    },
    "@angular/material": {
      "version": "9.2.2",
      "resolved": "https://registry.npmjs.org/@angular/material/-/material-9.2.2.tgz",
      "integrity": "sha512-gdQiMJ6PtW/5fd+0mglHFyzxULDCBGjn9RTET3sUq2rkc9+jBXr4OvnsUyBWSnqqv97XqotVDIx5JgE4/YX/Rw=="
    },
    "parse5": {
      "version": "5.1.1",
      "resolved": "https://registry.npmjs.org/parse5/-/parse5-5.1.1.tgz",
      "integrity": "sha512-ugq4DFI0Ptb+WWjAdOK16+u/nHfiIrcE+sh8kZMaM0WllQKLI9rOUq6c2b7cwPkXdzfQESqvoqK6ug7U/Yyzug=="
    }
  }
}
